version = 1
requires-python = ">=3.8"

[[package]]
name = "asgiref"
version = "3.8.1"
source = { registry = "https://pypi.org/simple" }
dependencies = [
    { name = "typing-extensions", marker = "python_full_version < '3.11'" },
]
sdist = { url = "https://files.pythonhosted.org/packages/29/38/b3395cc9ad1b56d2ddac9970bc8f4141312dbaec28bc7c218b0dfafd0f42/asgiref-3.8.1.tar.gz", hash = "sha256:c343bd80a0bec947a9860adb4c432ffa7db769836c64238fc34bdc3fec84d590", size = 35186 }
wheels = [
    { url = "https://files.pythonhosted.org/packages/39/e3/893e8757be2612e6c266d9bb58ad2e3651524b5b40cf56761e985a28b13e/asgiref-3.8.1-py3-none-any.whl", hash = "sha256:3e1e3ecc849832fe52ccf2cb6686b7a55f82bb1d6aee72a58826471390335e47", size = 23828 },
]

[[package]]
name = "backports-zoneinfo"
version = "0.2.1"
source = { registry = "https://pypi.org/simple" }
sdist = { url = "https://files.pythonhosted.org/packages/ad/85/475e514c3140937cf435954f78dedea1861aeab7662d11de232bdaa90655/backports.zoneinfo-0.2.1.tar.gz", hash = "sha256:fadbfe37f74051d024037f223b8e001611eac868b5c5b06144ef4d8b799862f2", size = 74098 }
wheels = [
    { url = "https://files.pythonhosted.org/packages/4a/6d/eca004eeadcbf8bd64cc96feb9e355536147f0577420b44d80c7cac70767/backports.zoneinfo-0.2.1-cp38-cp38-macosx_10_14_x86_64.whl", hash = "sha256:8961c0f32cd0336fb8e8ead11a1f8cd99ec07145ec2931122faaac1c8f7fd987", size = 35816 },
    { url = "https://files.pythonhosted.org/packages/c1/8f/9b1b920a6a95652463143943fa3b8c000cb0b932ab463764a6f2a2416560/backports.zoneinfo-0.2.1-cp38-cp38-manylinux1_i686.whl", hash = "sha256:e81b76cace8eda1fca50e345242ba977f9be6ae3945af8d46326d776b4cf78d1", size = 72147 },
    { url = "https://files.pythonhosted.org/packages/1a/ab/3e941e3fcf1b7d3ab3d0233194d99d6a0ed6b24f8f956fc81e47edc8c079/backports.zoneinfo-0.2.1-cp38-cp38-manylinux1_x86_64.whl", hash = "sha256:7b0a64cda4145548fed9efc10322770f929b944ce5cee6c0dfe0c87bf4c0c8c9", size = 74033 },
    { url = "https://files.pythonhosted.org/packages/c0/34/5fdb0a3a28841d215c255be8fc60b8666257bb6632193c86fd04b63d4a31/backports.zoneinfo-0.2.1-cp38-cp38-win32.whl", hash = "sha256:1b13e654a55cd45672cb54ed12148cd33628f672548f373963b0bff67b217328", size = 36803 },
    { url = "https://files.pythonhosted.org/packages/78/cc/e27fd6493bbce8dbea7e6c1bc861fe3d3bc22c4f7c81f4c3befb8ff5bfaf/backports.zoneinfo-0.2.1-cp38-cp38-win_amd64.whl", hash = "sha256:4a0f800587060bf8880f954dbef70de6c11bbe59c673c3d818921f042f9954a6", size = 38967 },
]

[[package]]
name = "django"
version = "4.2.19"
source = { registry = "https://pypi.org/simple" }
dependencies = [
    { name = "asgiref" },
    { name = "backports-zoneinfo", marker = "python_full_version < '3.9'" },
    { name = "sqlparse" },
    { name = "tzdata", marker = "sys_platform == 'win32'" },
]
sdist = { url = "https://files.pythonhosted.org/packages/cf/49/8e71f8a30aecc8e236bbb0ce056ff705a4782db4ab836e588c1a0e0a26aa/Django-4.2.19.tar.gz", hash = "sha256:6c833be4b0ca614f0a919472a1028a3bbdeb6f056fa04023aeb923346ba2c306", size = 10426865 }
wheels = [
    { url = "https://files.pythonhosted.org/packages/14/db/6fc8c55f3b482776ac245623cd713b00ba894ad8f32cf438a40d9f1ea29e/Django-4.2.19-py3-none-any.whl", hash = "sha256:a104e13f219fc55996a4e416ef7d18ab4eeb44e0aa95174c192f16cda9f94e75", size = 7993670 },
]

[[package]]
name = "django-debug-toolbar"
version = "4.4.6"
source = { registry = "https://pypi.org/simple" }
dependencies = [
    { name = "django" },
    { name = "sqlparse" },
]
sdist = { url = "https://files.pythonhosted.org/packages/d4/9c/0a3238eda0a46df20f2e3fe2a30313d34f5042a1a737d08230b77c29a3e9/django_debug_toolbar-4.4.6.tar.gz", hash = "sha256:36e421cb908c2f0675e07f9f41e3d1d8618dc386392ec82d23bcfcd5d29c7044", size = 272610 }
wheels = [
    { url = "https://files.pythonhosted.org/packages/2f/33/2036a472eedfbe49240dffea965242b3f444de4ea4fbeceb82ccea33a2ce/django_debug_toolbar-4.4.6-py3-none-any.whl", hash = "sha256:3beb671c9ec44ffb817fad2780667f172bd1c067dbcabad6268ce39a81335f45", size = 229621 },
]

[[package]]
name = "django-djconfig"
version = "0.11.0"
source = { registry = "https://pypi.org/simple" }
sdist = { url = "https://files.pythonhosted.org/packages/34/0b/215da8778c8d910b315529edea7c0a8ad41c52296a78b42764e5ba304b3e/django-djconfig-0.11.0.tar.gz", hash = "sha256:d9edde030bf29d68577897e62e8ff3cce1991bb3751a3406f14011e779c58139", size = 10205 }

[[package]]
name = "django-haystack"
version = "3.3.0"
source = { registry = "https://pypi.org/simple" }
dependencies = [
    { name = "django" },
    { name = "packaging" },
]
sdist = { url = "https://files.pythonhosted.org/packages/b4/09/623634ca5f8b9fe99d07d284491724eb1b0704022e942a1fe815c1d13a02/django_haystack-3.3.0.tar.gz", hash = "sha256:e3ceed6b8000625da14d409eb4dac69894905e2ac8ac18f9bfdb59323ca02eab", size = 467287 }

[[package]]
name = "django-infinite-scroll-pagination"
version = "1.1.0"
source = { registry = "https://pypi.org/simple" }
sdist = { url = "https://files.pythonhosted.org/packages/b0/cd/bdb154526e11a872f2567436996aa38a1e24007221e93a6a33bf373f0b8f/django-infinite-scroll-pagination-1.1.0.tar.gz", hash = "sha256:59a10ff9dc64ea2a6bac52bcff9fdaf3f5ee459a1187cfcc3614d54986e0a9e9", size = 6605 }

[[package]]
name = "django-spirit"
version = "0.13.0"
source = { virtual = "." }
dependencies = [
    { name = "django" },
    { name = "django-djconfig" },
    { name = "django-haystack" },
    { name = "django-infinite-scroll-pagination" },
    { name = "mistune" },
    { name = "olefile" },
    { name = "pillow" },
    { name = "pytz" },
    { name = "tzdata" },
    { name = "whoosh" },
]

[package.optional-dependencies]
files = [
    { name = "python-magic" },
    { name = "python-magic-bin", marker = "sys_platform == 'darwin' or sys_platform == 'win32'" },
]
huey = [
    { name = "huey" },
]

[package.dev-dependencies]
dev = [
    { name = "django-debug-toolbar" },
]

[package.metadata]
requires-dist = [
    { name = "django", specifier = ">=4.2,<5" },
    { name = "django-djconfig", specifier = ">=0.11.0,<0.12" },
    { name = "django-haystack", specifier = "==3.3.0" },
    { name = "django-infinite-scroll-pagination", specifier = ">=1.1.0,<1.2" },
    { name = "huey", marker = "extra == 'huey'", specifier = "==2.4.5" },
    { name = "mistune", specifier = "==0.8.4" },
    { name = "olefile", specifier = "==0.46" },
    { name = "pillow", specifier = "==9.5.0" },
    { name = "python-magic", marker = "extra == 'files'", specifier = "==0.4.27" },
    { name = "python-magic-bin", marker = "(sys_platform == 'darwin' and extra == 'files') or (sys_platform == 'win32' and extra == 'files')", specifier = "==0.4.14" },
    { name = "pytz" },
    { name = "tzdata" },
    { name = "whoosh", specifier = "==2.7.4" },
]

[package.metadata.requires-dev]
dev = [{ name = "django-debug-toolbar", specifier = ">=4.4.6" }]

[[package]]
name = "huey"
version = "2.4.5"
source = { registry = "https://pypi.org/simple" }
sdist = { url = "https://files.pythonhosted.org/packages/a7/2e/a1afc46dd8fadf43eaa7ca7232d1c766d444d636e840278bd1b6c2b6d873/huey-2.4.5.tar.gz", hash = "sha256:760cf150deff1fa34b852da37701a5a750d1148f03ea07aa2b3764dc6060b4c3", size = 633785 }

[[package]]
name = "mistune"
version = "0.8.4"
source = { registry = "https://pypi.org/simple" }
sdist = { url = "https://files.pythonhosted.org/packages/2d/a4/509f6e7783ddd35482feda27bc7f72e65b5e7dc910eca4ab2164daf9c577/mistune-0.8.4.tar.gz", hash = "sha256:59a3429db53c50b5c6bcc8a07f8848cb00d7dc8bdb431a4ab41920d201d4756e", size = 58322 }
wheels = [
    { url = "https://files.pythonhosted.org/packages/09/ec/4b43dae793655b7d8a25f76119624350b4d65eb663459eb9603d7f1f0345/mistune-0.8.4-py2.py3-none-any.whl", hash = "sha256:88a1051873018da288eee8538d476dffe1262495144b33ecb586c4ab266bb8d4", size = 16220 },
]

[[package]]
name = "olefile"
version = "0.46"
source = { registry = "https://pypi.org/simple" }
sdist = { url = "https://files.pythonhosted.org/packages/34/81/e1ac43c6b45b4c5f8d9352396a14144bba52c8fec72a80f425f6a4d653ad/olefile-0.46.zip", hash = "sha256:133b031eaf8fd2c9399b78b8bc5b8fcbe4c31e85295749bb17a87cba8f3c3964", size = 112226 }

[[package]]
name = "packaging"
version = "24.2"
source = { registry = "https://pypi.org/simple" }
sdist = { url = "https://files.pythonhosted.org/packages/d0/63/68dbb6eb2de9cb10ee4c9c14a0148804425e13c4fb20d61cce69f53106da/packaging-24.2.tar.gz", hash = "sha256:c228a6dc5e932d346bc5739379109d49e8853dd8223571c7c5b55260edc0b97f", size = 163950 }
wheels = [
    { url = "https://files.pythonhosted.org/packages/88/ef/eb23f262cca3c0c4eb7ab1933c3b1f03d021f2c48f54763065b6f0e321be/packaging-24.2-py3-none-any.whl", hash = "sha256:09abb1bccd265c01f4a3aa3f7a7db064b36514d2cba19a2f694fe6150451a759", size = 65451 },
]

[[package]]
name = "pillow"
version = "9.5.0"
source = { registry = "https://pypi.org/simple" }
sdist = { url = "https://files.pythonhosted.org/packages/00/d5/4903f310765e0ff2b8e91ffe55031ac6af77d982f0156061e20a4d1a8b2d/Pillow-9.5.0.tar.gz", hash = "sha256:bf548479d336726d7a0eceb6e767e179fbde37833ae42794602631a070d630f1", size = 50488147 }
wheels = [
    { url = "https://files.pythonhosted.org/packages/1b/bc/cff591742feea45f88a3b8a83f7cab4a1dcdb4bcdfc51a06d92f96c81165/Pillow-9.5.0-cp310-cp310-macosx_10_10_x86_64.whl", hash = "sha256:ace6ca218308447b9077c14ea4ef381ba0b67ee78d64046b3f19cf4e1139ad16", size = 3395758 },
    { url = "https://files.pythonhosted.org/packages/38/06/de304914ecd2c911939a28579546bd4d9b6ae0b3c07ce5fe9bd7d100eb34/Pillow-9.5.0-cp310-cp310-macosx_11_0_arm64.whl", hash = "sha256:d3d403753c9d5adc04d4694d35cf0391f0f3d57c8e0030aac09d7678fa8030aa", size = 3077111 },
    { url = "https://files.pythonhosted.org/packages/9a/57/7864b6a22acb5f1d4b70af8c92cbd5e3af25f4d5869c24cd8074ca1f3593/Pillow-9.5.0-cp310-cp310-manylinux_2_17_aarch64.manylinux2014_aarch64.whl", hash = "sha256:5ba1b81ee69573fe7124881762bb4cd2e4b6ed9dd28c9c60a632902fe8db8b38", size = 3112529 },
    { url = "https://files.pythonhosted.org/packages/62/88/46a35f690ee4f8b08aef5fdb47f63d29c34f6874834155e52bf4456d9566/Pillow-9.5.0-cp310-cp310-manylinux_2_17_i686.manylinux2014_i686.whl", hash = "sha256:fe7e1c262d3392afcf5071df9afa574544f28eac825284596ac6db56e6d11062", size = 3386670 },
    { url = "https://files.pythonhosted.org/packages/59/1d/26a56ed1deae695a8c7d13fb514284ba8b9fd62bab9ebe6d6b474523b8b0/Pillow-9.5.0-cp310-cp310-manylinux_2_17_x86_64.manylinux2014_x86_64.whl", hash = "sha256:8f36397bf3f7d7c6a3abdea815ecf6fd14e7fcd4418ab24bae01008d8d8ca15e", size = 3308572 },
    { url = "https://files.pythonhosted.org/packages/d4/36/d22b0fac821a14572fdb9a8015b2bf19ee81eaa560ea25a6772760c86a30/Pillow-9.5.0-cp310-cp310-manylinux_2_28_aarch64.whl", hash = "sha256:252a03f1bdddce077eff2354c3861bf437c892fb1832f75ce813ee94347aa9b5", size = 3163999 },
    { url = "https://files.pythonhosted.org/packages/25/6b/d3c35d207c9c0b6c2f855420f62e64ef43d348e8c797ad1c32b9f2106a19/Pillow-9.5.0-cp310-cp310-manylinux_2_28_x86_64.whl", hash = "sha256:85ec677246533e27770b0de5cf0f9d6e4ec0c212a1f89dfc941b64b21226009d", size = 3415623 },
    { url = "https://files.pythonhosted.org/packages/7a/6a/a7df39c502caeadd942d8bf97bc2fdfc819fbdc7499a2ab05e7db43611ac/Pillow-9.5.0-cp310-cp310-musllinux_1_1_aarch64.whl", hash = "sha256:b416f03d37d27290cb93597335a2f85ed446731200705b22bb927405320de903", size = 3350658 },
    { url = "https://files.pythonhosted.org/packages/2e/ad/d29c8c48498da680521665b8483beb78a9343269bbd0730970e9396b01f0/Pillow-9.5.0-cp310-cp310-musllinux_1_1_x86_64.whl", hash = "sha256:1781a624c229cb35a2ac31cc4a77e28cafc8900733a864870c49bfeedacd106a", size = 3414574 },
    { url = "https://files.pythonhosted.org/packages/93/54/9d7f01fd3fe4069c88827728646e3c8f1aff0995e8422d841b38f034f39a/Pillow-9.5.0-cp310-cp310-win32.whl", hash = "sha256:8507eda3cd0608a1f94f58c64817e83ec12fa93a9436938b191b80d9e4c0fc44", size = 2211916 },
    { url = "https://files.pythonhosted.org/packages/3e/14/0030e542f2acfea43635e55584c114e6cfd94d342393a5f71f74c172dc35/Pillow-9.5.0-cp310-cp310-win_amd64.whl", hash = "sha256:d3c6b54e304c60c4181da1c9dadf83e4a54fd266a99c70ba646a9baa626819eb", size = 2511474 },
    { url = "https://files.pythonhosted.org/packages/78/a8/3c2d737d856eb9cd8c18e78f6fe0ed08a2805bded74cbb0455584859023b/Pillow-9.5.0-cp311-cp311-macosx_10_10_x86_64.whl", hash = "sha256:7ec6f6ce99dab90b52da21cf0dc519e21095e332ff3b399a357c187b1a5eee32", size = 3395792 },
    { url = "https://files.pythonhosted.org/packages/a9/15/310cde63cb15a091de889ded26281924cf9cfa5c000b36b06bd0c7f50261/Pillow-9.5.0-cp311-cp311-macosx_11_0_arm64.whl", hash = "sha256:560737e70cb9c6255d6dcba3de6578a9e2ec4b573659943a5e7e4af13f298f5c", size = 3077092 },
    { url = "https://files.pythonhosted.org/packages/17/66/20db69c0361902a2f6ee2086d3e83c70133e3fb4cb31470e59a8ed37184e/Pillow-9.5.0-cp311-cp311-manylinux_2_17_aarch64.manylinux2014_aarch64.whl", hash = "sha256:96e88745a55b88a7c64fa49bceff363a1a27d9a64e04019c2281049444a571e3", size = 3112543 },
    { url = "https://files.pythonhosted.org/packages/5c/a8/ff526cdec6b56eb20c992e7083f02c8065049ed1e62fbc159390d7a3dd5e/Pillow-9.5.0-cp311-cp311-manylinux_2_17_i686.manylinux2014_i686.whl", hash = "sha256:d9c206c29b46cfd343ea7cdfe1232443072bbb270d6a46f59c259460db76779a", size = 3386654 },
    { url = "https://files.pythonhosted.org/packages/3b/70/e9a45a2e9c58c23e023fcda5af9686f5b42c718cc9bc86194e0025cf0ec5/Pillow-9.5.0-cp311-cp311-manylinux_2_17_x86_64.manylinux2014_x86_64.whl", hash = "sha256:cfcc2c53c06f2ccb8976fb5c71d448bdd0a07d26d8e07e321c103416444c7ad1", size = 3308566 },
    { url = "https://files.pythonhosted.org/packages/61/a5/ee306d6cc53c9a30c23ba2313b43b67fdf76c611ca5afd0cdd62922cbd3e/Pillow-9.5.0-cp311-cp311-manylinux_2_28_aarch64.whl", hash = "sha256:a0f9bb6c80e6efcde93ffc51256d5cfb2155ff8f78292f074f60f9e70b942d99", size = 3164027 },
    { url = "https://files.pythonhosted.org/packages/3d/59/e6bd2c3715ace343d9739276ceed79657fe116923238d102cf731ab463dd/Pillow-9.5.0-cp311-cp311-manylinux_2_28_x86_64.whl", hash = "sha256:8d935f924bbab8f0a9a28404422da8af4904e36d5c33fc6f677e4c4485515625", size = 3415610 },
    { url = "https://files.pythonhosted.org/packages/9a/6d/9beb596ba5a5e61081c843187bcdbb42a5c9a9ef552751b554894247da7a/Pillow-9.5.0-cp311-cp311-musllinux_1_1_aarch64.whl", hash = "sha256:fed1e1cf6a42577953abbe8e6cf2fe2f566daebde7c34724ec8803c4c0cda579", size = 3350704 },
    { url = "https://files.pythonhosted.org/packages/1e/e4/de633d85be3b3c770c554a37a89e8273069bd19c34b15a419c2795600310/Pillow-9.5.0-cp311-cp311-musllinux_1_1_x86_64.whl", hash = "sha256:c1170d6b195555644f0616fd6ed929dfcf6333b8675fcca044ae5ab110ded296", size = 3414604 },
    { url = "https://files.pythonhosted.org/packages/46/a0/e410f655300932308e70e883dd60c0c51e6f74bed138641ea9193e64fd7c/Pillow-9.5.0-cp311-cp311-win32.whl", hash = "sha256:54f7102ad31a3de5666827526e248c3530b3a33539dbda27c6843d19d72644ec", size = 2211929 },
    { url = "https://files.pythonhosted.org/packages/0c/02/7729c8aecbc525b560c7eb283ffa34c6f5a6d0ed6d1339570c65a3e63088/Pillow-9.5.0-cp311-cp311-win_amd64.whl", hash = "sha256:cfa4561277f677ecf651e2b22dc43e8f5368b74a25a8f7d1d4a3a243e573f2d4", size = 2511551 },
    { url = "https://files.pythonhosted.org/packages/b9/8b/d38cc68796be4ac238db327682a1acfbc5deccf64a150aa44ee1efbaafae/Pillow-9.5.0-cp311-cp311-win_arm64.whl", hash = "sha256:965e4a05ef364e7b973dd17fc765f42233415974d773e82144c9bbaaaea5d089", size = 2489206 },
    { url = "https://files.pythonhosted.org/packages/5d/38/b7bcbab3bfe1946ba9cf71c1fa03e541b498069457be49eadcdc229412ef/Pillow-9.5.0-cp312-cp312-win32.whl", hash = "sha256:22baf0c3cf0c7f26e82d6e1adf118027afb325e703922c8dfc1d5d0156bb2eeb", size = 2211914 },
    { url = "https://files.pythonhosted.org/packages/29/8a/f4cf3f32bc554f9260b645ea1151449ac13525796d3d1a42076d75945d8d/Pillow-9.5.0-cp312-cp312-win_amd64.whl", hash = "sha256:432b975c009cf649420615388561c0ce7cc31ce9b2e374db659ee4f7d57a1f8b", size = 2511483 },
    { url = "https://files.pythonhosted.org/packages/49/ef/98941488c7491a249692787dc741c97c22d5212a6d85f017519011195cfe/Pillow-9.5.0-cp38-cp38-macosx_10_10_x86_64.whl", hash = "sha256:a0aa9417994d91301056f3d0038af1199eb7adc86e646a36b9e050b06f526597", size = 3395670 },
    { url = "https://files.pythonhosted.org/packages/aa/a5/ba2eeb1a242babb23a21a782356f8b6fe1312b24b69062ee1cb60107fd95/Pillow-9.5.0-cp38-cp38-macosx_11_0_arm64.whl", hash = "sha256:f8286396b351785801a976b1e85ea88e937712ee2c3ac653710a4a57a8da5d9c", size = 3077136 },
    { url = "https://files.pythonhosted.org/packages/18/e4/f13369726d14e550f0028265b299f7c8262ccb7fb295df29e4f2fd79e0ab/Pillow-9.5.0-cp38-cp38-manylinux_2_17_aarch64.manylinux2014_aarch64.whl", hash = "sha256:c830a02caeb789633863b466b9de10c015bded434deb3ec87c768e53752ad22a", size = 3112507 },
    { url = "https://files.pythonhosted.org/packages/90/00/123c546069abac47bd4ce2e0a78e6ad4040e43294ebbb266a3a21d3616b2/Pillow-9.5.0-cp38-cp38-manylinux_2_17_i686.manylinux2014_i686.whl", hash = "sha256:fbd359831c1657d69bb81f0db962905ee05e5e9451913b18b831febfe0519082", size = 3386666 },
    { url = "https://files.pythonhosted.org/packages/1b/dc/2d0919633097a93dcad35a2fb97304f4a9297f746e830a8b441af3db2007/Pillow-9.5.0-cp38-cp38-manylinux_2_17_x86_64.manylinux2014_x86_64.whl", hash = "sha256:f8fc330c3370a81bbf3f88557097d1ea26cd8b019d6433aa59f71195f5ddebbf", size = 3308600 },
    { url = "https://files.pythonhosted.org/packages/33/a8/0d37d73387b8ea9cb3ad391a93e65ed9f62a331c0dfed1869891b6efd7a2/Pillow-9.5.0-cp38-cp38-manylinux_2_28_aarch64.whl", hash = "sha256:7002d0797a3e4193c7cdee3198d7c14f92c0836d6b4a3f3046a64bd1ce8df2bf", size = 3163998 },
    { url = "https://files.pythonhosted.org/packages/a6/8b/cca45afbbd58ca032594ea465ded859b9da6d8bc226afe0e60e64bd8872e/Pillow-9.5.0-cp38-cp38-manylinux_2_28_x86_64.whl", hash = "sha256:229e2c79c00e85989a34b5981a2b67aa079fd08c903f0aaead522a1d68d79e51", size = 3415559 },
    { url = "https://files.pythonhosted.org/packages/5d/06/2f319e3244bdd84567ed2d7d405a6e0fd9dd03fc6d7e24794ac1e14d570d/Pillow-9.5.0-cp38-cp38-musllinux_1_1_aarch64.whl", hash = "sha256:9adf58f5d64e474bed00d69bcd86ec4bcaa4123bfa70a65ce72e424bfb88ed96", size = 3350681 },
    { url = "https://files.pythonhosted.org/packages/db/5c/ba9e291850f594f89436cdca93d36c6f8610d4fb7833a6c257f4481d4174/Pillow-9.5.0-cp38-cp38-musllinux_1_1_x86_64.whl", hash = "sha256:662da1f3f89a302cc22faa9f14a262c2e3951f9dbc9617609a47521c69dd9f8f", size = 3414578 },
    { url = "https://files.pythonhosted.org/packages/85/4d/d0b5c3610a39f01e380489770b10e2b8644a2188eace45c84e40d439b0dd/Pillow-9.5.0-cp38-cp38-win32.whl", hash = "sha256:6608ff3bf781eee0cd14d0901a2b9cc3d3834516532e3bd673a0a204dc8615fc", size = 2229252 },
    { url = "https://files.pythonhosted.org/packages/c3/ba/c4c2a1411561cd9725979115e7450f1367b44997ae1ff29e5845bce92d52/Pillow-9.5.0-cp38-cp38-win_amd64.whl", hash = "sha256:e49eb4e95ff6fd7c0c402508894b1ef0e01b99a44320ba7d8ecbabefddcc5569", size = 2537784 },
    { url = "https://files.pythonhosted.org/packages/64/46/672289c0ff87733fb93854dedf3a8d65642a25c0bfc88e7f6d722f9161a5/Pillow-9.5.0-cp39-cp39-macosx_10_10_x86_64.whl", hash = "sha256:482877592e927fd263028c105b36272398e3e1be3269efda09f6ba21fd83ec66", size = 3395750 },
    { url = "https://files.pythonhosted.org/packages/a9/70/9259e93534d01f846f7d0501f19bb7d8cc1751741bc20826fc8d3a20fe32/Pillow-9.5.0-cp39-cp39-macosx_11_0_arm64.whl", hash = "sha256:3ded42b9ad70e5f1754fb7c2e2d6465a9c842e41d178f262e08b8c85ed8a1d8e", size = 3077133 },
    { url = "https://files.pythonhosted.org/packages/95/62/8a943681db5f6588498ed86aa1568dd31c63f6afdabe50841589fc662c68/Pillow-9.5.0-cp39-cp39-manylinux_2_17_aarch64.manylinux2014_aarch64.whl", hash = "sha256:c446d2245ba29820d405315083d55299a796695d747efceb5717a8b450324115", size = 3112534 },
    { url = "https://files.pythonhosted.org/packages/f2/43/0892913d499c8df2c88dee69d59e77de19e0c51754a9be82023880641c09/Pillow-9.5.0-cp39-cp39-manylinux_2_17_i686.manylinux2014_i686.whl", hash = "sha256:8aca1152d93dcc27dc55395604dcfc55bed5f25ef4c98716a928bacba90d33a3", size = 3386725 },
    { url = "https://files.pythonhosted.org/packages/ff/fc/48a51c0fe2a00d5def57b9981a1e0f8339b516351da7a51500383d833bc8/Pillow-9.5.0-cp39-cp39-manylinux_2_17_x86_64.manylinux2014_x86_64.whl", hash = "sha256:608488bdcbdb4ba7837461442b90ea6f3079397ddc968c31265c1e056964f1ef", size = 3308605 },
    { url = "https://files.pythonhosted.org/packages/af/b7/f9faf80e3c93b02712c5748f10c75a8948e74eca61ec2408f7e1d4c9dd16/Pillow-9.5.0-cp39-cp39-manylinux_2_28_aarch64.whl", hash = "sha256:60037a8db8750e474af7ffc9faa9b5859e6c6d0a50e55c45576bf28be7419705", size = 3164057 },
    { url = "https://files.pythonhosted.org/packages/3b/2b/57915b8af178e2c20bfd403ffed4521947881f9dbbfbaba48210dc59b9d7/Pillow-9.5.0-cp39-cp39-manylinux_2_28_x86_64.whl", hash = "sha256:07999f5834bdc404c442146942a2ecadd1cb6292f5229f4ed3b31e0a108746b1", size = 3415613 },
    { url = "https://files.pythonhosted.org/packages/e7/2a/f3ed578595f8486ee2cc07434460097d89aedd406a3db849b890ca8ec416/Pillow-9.5.0-cp39-cp39-musllinux_1_1_aarch64.whl", hash = "sha256:a127ae76092974abfbfa38ca2d12cbeddcdeac0fb71f9627cc1135bedaf9d51a", size = 3350667 },
    { url = "https://files.pythonhosted.org/packages/28/a2/f2d0d584d45100a5419fd70a1233ade8f12469ffe6e8e3acd40364beaadb/Pillow-9.5.0-cp39-cp39-musllinux_1_1_x86_64.whl", hash = "sha256:489f8389261e5ed43ac8ff7b453162af39c3e8abd730af8363587ba64bb2e865", size = 3414552 },
    { url = "https://files.pythonhosted.org/packages/51/3a/a6701b987007aaa43559b7d8510629845b25686f09a0eb29f8946a62d767/Pillow-9.5.0-cp39-cp39-win32.whl", hash = "sha256:9b1af95c3a967bf1da94f253e56b6286b50af23392a886720f563c547e48e964", size = 2229361 },
    { url = "https://files.pythonhosted.org/packages/69/72/48cc52bff8731cf72bc4101e34dc44807a410c171f921afb582a511da50e/Pillow-9.5.0-cp39-cp39-win_amd64.whl", hash = "sha256:77165c4a5e7d5a284f10a6efaa39a0ae8ba839da344f20b111d62cc932fa4e5d", size = 2538580 },
    { url = "https://files.pythonhosted.org/packages/05/80/40ec3390eb39f128f9c81dfdce6fe419fad1296e816232c2785e74bb6255/Pillow-9.5.0-pp38-pypy38_pp73-macosx_10_10_x86_64.whl", hash = "sha256:833b86a98e0ede388fa29363159c9b1a294b0905b5128baf01db683672f230f5", size = 3350068 },
    { url = "https://files.pythonhosted.org/packages/52/f8/099a6b9de39763b40ed6be5c0aa5b5aed800ecad98535c6c77dfa79484f1/Pillow-9.5.0-pp38-pypy38_pp73-manylinux_2_17_i686.manylinux2014_i686.whl", hash = "sha256:aaf305d6d40bd9632198c766fb64f0c1a83ca5b667f16c1e79e1661ab5060140", size = 3281820 },
    { url = "https://files.pythonhosted.org/packages/0d/4f/e31e4814b09f15c13d6fe069458a3b32a240ffaeb603b973456de3ea6d2a/Pillow-9.5.0-pp38-pypy38_pp73-manylinux_2_17_x86_64.manylinux2014_x86_64.whl", hash = "sha256:0852ddb76d85f127c135b6dd1f0bb88dbb9ee990d2cd9aa9e28526c93e794fba", size = 3222897 },
    { url = "https://files.pythonhosted.org/packages/22/3b/db9837995e3d51ff356e39726e2ec0925850fdfef104996c2767baca4407/Pillow-9.5.0-pp38-pypy38_pp73-manylinux_2_28_x86_64.whl", hash = "sha256:91ec6fe47b5eb5a9968c79ad9ed78c342b1f97a091677ba0e012701add857829", size = 3298302 },
    { url = "https://files.pythonhosted.org/packages/d9/0e/7c6f054022235830dc2c37ec83e947d9ca09b0b0361e1e5e29983da92294/Pillow-9.5.0-pp38-pypy38_pp73-win_amd64.whl", hash = "sha256:cb841572862f629b99725ebaec3287fc6d275be9b14443ea746c1dd325053cbd", size = 2537868 },
    { url = "https://files.pythonhosted.org/packages/24/35/92032a00f41bea9bf93f19d48f15daac27d1365c0038fe22dc4e7fc7c8b0/Pillow-9.5.0-pp39-pypy39_pp73-macosx_10_10_x86_64.whl", hash = "sha256:c380b27d041209b849ed246b111b7c166ba36d7933ec6e41175fd15ab9eb1572", size = 3349772 },
    { url = "https://files.pythonhosted.org/packages/50/ce/d39869c22904558ce32e664904cf72f13a9d47703b72392e881d9e7b6082/Pillow-9.5.0-pp39-pypy39_pp73-manylinux_2_17_i686.manylinux2014_i686.whl", hash = "sha256:7c9af5a3b406a50e313467e3565fc99929717f780164fe6fbb7704edba0cebbe", size = 3281583 },
    { url = "https://files.pythonhosted.org/packages/7a/75/4a382d1567efc6f4e3054f693167f8ce2d1ad939c5f6f12aa5c50f74b997/Pillow-9.5.0-pp39-pypy39_pp73-manylinux_2_17_x86_64.manylinux2014_x86_64.whl", hash = "sha256:5671583eab84af046a397d6d0ba25343c00cd50bce03787948e0fff01d4fd9b1", size = 3222603 },
    { url = "https://files.pythonhosted.org/packages/51/d2/c10f72c44e000d08e41f822083cf322bb59afa7ed01ae7e3e47875b47600/Pillow-9.5.0-pp39-pypy39_pp73-manylinux_2_28_x86_64.whl", hash = "sha256:84a6f19ce086c1bf894644b43cd129702f781ba5751ca8572f08aa40ef0ab7b7", size = 3298174 },
    { url = "https://files.pythonhosted.org/packages/02/4a/d362f7f44f1e5801c6726f0eaaeaf869d0d43c554b717072b2c5540cefb4/Pillow-9.5.0-pp39-pypy39_pp73-win_amd64.whl", hash = "sha256:1e7723bd90ef94eda669a3c2c19d549874dd5badaeefabefd26053304abe5799", size = 2538628 },
]

[[package]]
name = "python-magic"
version = "0.4.27"
source = { registry = "https://pypi.org/simple" }
sdist = { url = "https://files.pythonhosted.org/packages/da/db/0b3e28ac047452d079d375ec6798bf76a036a08182dbb39ed38116a49130/python-magic-0.4.27.tar.gz", hash = "sha256:c1ba14b08e4a5f5c31a302b7721239695b2f0f058d125bd5ce1ee36b9d9d3c3b", size = 14677 }
wheels = [
    { url = "https://files.pythonhosted.org/packages/6c/73/9f872cb81fc5c3bb48f7227872c28975f998f3e7c2b1c16e95e6432bbb90/python_magic-0.4.27-py2.py3-none-any.whl", hash = "sha256:c212960ad306f700aa0d01e5d7a325d20548ff97eb9920dcd29513174f0294d3", size = 13840 },
]

[[package]]
name = "python-magic-bin"
version = "0.4.14"
source = { registry = "https://pypi.org/simple" }
wheels = [
    { url = "https://files.pythonhosted.org/packages/32/2c/bbe8ad26591745da2c4692ea571145fb027c8ee1a0540407aa327684c4ce/python_magic_bin-0.4.14-py2.py3-none-macosx_10_6_intel.whl", hash = "sha256:7b1743b3dbf16601d6eedf4e7c2c9a637901b0faaf24ad4df4d4527e7d8f66a4", size = 334318 },
    { url = "https://files.pythonhosted.org/packages/5a/5d/10b9ac745d9fd2f7151a2ab901e6bb6983dbd70e87c71111f54859d1ca2e/python_magic_bin-0.4.14-py2.py3-none-win32.whl", hash = "sha256:34a788c03adde7608028203e2dbb208f1f62225ad91518787ae26d603ae68892", size = 397784 },
    { url = "https://files.pythonhosted.org/packages/07/c2/094e3d62b906d952537196603a23aec4bcd7c6126bf80eb14e6f9f4be3a2/python_magic_bin-0.4.14-py2.py3-none-win_amd64.whl", hash = "sha256:90be6206ad31071a36065a2fc169c5afb5e0355cbe6030e87641c6c62edc2b69", size = 409299 },
]

[[package]]
name = "pytz"
version = "2025.1"
source = { registry = "https://pypi.org/simple" }
sdist = { url = "https://files.pythonhosted.org/packages/5f/57/df1c9157c8d5a05117e455d66fd7cf6dbc46974f832b1058ed4856785d8a/pytz-2025.1.tar.gz", hash = "sha256:c2db42be2a2518b28e65f9207c4d05e6ff547d1efa4086469ef855e4ab70178e", size = 319617 }
wheels = [
    { url = "https://files.pythonhosted.org/packages/eb/38/ac33370d784287baa1c3d538978b5e2ea064d4c1b93ffbd12826c190dd10/pytz-2025.1-py2.py3-none-any.whl", hash = "sha256:89dd22dca55b46eac6eda23b2d72721bf1bdfef212645d81513ef5d03038de57", size = 507930 },
]

[[package]]
name = "sqlparse"
version = "0.5.3"
source = { registry = "https://pypi.org/simple" }
sdist = { url = "https://files.pythonhosted.org/packages/e5/40/edede8dd6977b0d3da179a342c198ed100dd2aba4be081861ee5911e4da4/sqlparse-0.5.3.tar.gz", hash = "sha256:09f67787f56a0b16ecdbde1bfc7f5d9c3371ca683cfeaa8e6ff60b4807ec9272", size = 84999 }
wheels = [
    { url = "https://files.pythonhosted.org/packages/a9/5c/bfd6bd0bf979426d405cc6e71eceb8701b148b16c21d2dc3c261efc61c7b/sqlparse-0.5.3-py3-none-any.whl", hash = "sha256:cf2196ed3418f3ba5de6af7e82c694a9fbdbfecccdfc72e281548517081f16ca", size = 44415 },
]

[[package]]
name = "typing-extensions"
version = "4.12.2"
source = { registry = "https://pypi.org/simple" }
sdist = { url = "https://files.pythonhosted.org/packages/df/db/f35a00659bc03fec321ba8bce9420de607a1d37f8342eee1863174c69557/typing_extensions-4.12.2.tar.gz", hash = "sha256:1a7ead55c7e559dd4dee8856e3a88b41225abfe1ce8df57b7c13915fe121ffb8", size = 85321 }
wheels = [
    { url = "https://files.pythonhosted.org/packages/26/9f/ad63fc0248c5379346306f8668cda6e2e2e9c95e01216d2b8ffd9ff037d0/typing_extensions-4.12.2-py3-none-any.whl", hash = "sha256:04e5ca0351e0f3f85c6853954072df659d0d13fac324d0072316b67d7794700d", size = 37438 },
]

[[package]]
name = "tzdata"
version = "2025.1"
source = { registry = "https://pypi.org/simple" }
sdist = { url = "https://files.pythonhosted.org/packages/43/0f/fa4723f22942480be4ca9527bbde8d43f6c3f2fe8412f00e7f5f6746bc8b/tzdata-2025.1.tar.gz", hash = "sha256:24894909e88cdb28bd1636c6887801df64cb485bd593f2fd83ef29075a81d694", size = 194950 }
wheels = [
    { url = "https://files.pythonhosted.org/packages/0f/dd/84f10e23edd882c6f968c21c2434fe67bd4a528967067515feca9e611e5e/tzdata-2025.1-py2.py3-none-any.whl", hash = "sha256:7e127113816800496f027041c570f50bcd464a020098a3b6b199517772303639", size = 346762 },
]

[[package]]
name = "whoosh"
version = "2.7.4"
source = { registry = "https://pypi.org/simple" }
sdist = { url = "https://files.pythonhosted.org/packages/25/2b/6beed2107b148edc1321da0d489afc4617b9ed317ef7b72d4993cad9b684/Whoosh-2.7.4.tar.gz", hash = "sha256:7ca5633dbfa9e0e0fa400d3151a8a0c4bec53bd2ecedc0a67705b17565c31a83", size = 968741 }
wheels = [
    { url = "https://files.pythonhosted.org/packages/ba/19/24d0f1f454a2c1eb689ca28d2f178db81e5024f42d82729a4ff6771155cf/Whoosh-2.7.4-py2.py3-none-any.whl", hash = "sha256:aa39c3c3426e3fd107dcb4bde64ca1e276a65a889d9085a6e4b54ba82420a852", size = 468790 },
]
